
Microsoft Visual Studio Solution File, Format Version 12.00
# Visual Studio Version 16
VisualStudioVersion = 16.0.810.6
MinimumVisualStudioVersion = 10.0.40219.1
Project("{FAE04EC0-301F-11D3-BF4B-00C04F79EFBC}") = "StopLight.Android", "StopLight.Android\StopLight.Android.csproj", "{7170E463-4ECF-440E-B1E3-721728A8A4DD}"
EndProject
Project("{FAE04EC0-301F-11D3-BF4B-00C04F79EFBC}") = "StopLight.iOS", "StopLight.iOS\StopLight.iOS.csproj", "{C1405F71-B67E-4E2A-B1AB-0BBCB5243441}"
EndProject
Project("{D954291E-2A0B-460D-934E-DC6B0785DB48}") = "StopLight", "StopLight\StopLight.shproj", "{31C580CF-D660-457A-BC76-911936F1789B}"
EndProject
Global
	GlobalSection(SolutionConfigurationPlatforms) = preSolution
		Debug|Any CPU = Debug|Any CPU
		Release|Any CPU = Release|Any CPU
		Debug|iPhoneSimulator = Debug|iPhoneSimulator
		Release|iPhoneSimulator = Release|iPhoneSimulator
		Debug|iPhone = Debug|iPhone
		Release|iPhone = Release|iPhone
	EndGlobalSection
	GlobalSection(ProjectConfigurationPlatforms) = postSolution
		{7170E463-4ECF-440E-B1E3-721728A8A4DD}.Debug|Any CPU.ActiveCfg = Debug|Any CPU
		{7170E463-4ECF-440E-B1E3-721728A8A4DD}.Debug|Any CPU.Build.0 = Debug|Any CPU
		{7170E463-4ECF-440E-B1E3-721728A8A4DD}.Release|Any CPU.ActiveCfg = Release|Any CPU
		{7170E463-4ECF-440E-B1E3-721728A8A4DD}.Release|Any CPU.Build.0 = Release|Any CPU
		{7170E463-4ECF-440E-B1E3-721728A8A4DD}.Debug|iPhoneSimulator.ActiveCfg = Debug|Any CPU
		{7170E463-4ECF-440E-B1E3-721728A8A4DD}.Debug|iPhoneSimulator.Build.0 = Debug|Any CPU
		{7170E463-4ECF-440E-B1E3-721728A8A4DD}.Release|iPhoneSimulator.ActiveCfg = Release|Any CPU
		{7170E463-4ECF-440E-B1E3-721728A8A4DD}.Release|iPhoneSimulator.Build.0 = Release|Any CPU
		{7170E463-4ECF-440E-B1E3-721728A8A4DD}.Debug|iPhone.ActiveCfg = Debug|Any CPU
		{7170E463-4ECF-440E-B1E3-721728A8A4DD}.Debug|iPhone.Build.0 = Debug|Any CPU
		{7170E463-4ECF-440E-B1E3-721728A8A4DD}.Release|iPhone.ActiveCfg = Release|Any CPU
		{7170E463-4ECF-440E-B1E3-721728A8A4DD}.Release|iPhone.Build.0 = Release|Any CPU
		{C1405F71-B67E-4E2A-B1AB-0BBCB5243441}.Debug|Any CPU.ActiveCfg = Debug|iPhoneSimulator
		{C1405F71-B67E-4E2A-B1AB-0BBCB5243441}.Debug|Any CPU.Build.0 = Debug|iPhoneSimulator
		{C1405F71-B67E-4E2A-B1AB-0BBCB5243441}.Release|Any CPU.ActiveCfg = Release|iPhoneSimulator
		{C1405F71-B67E-4E2A-B1AB-0BBCB5243441}.Release|Any CPU.Build.0 = Release|iPhoneSimulator
		{C1405F71-B67E-4E2A-B1AB-0BBCB5243441}.Debug|iPhoneSimulator.ActiveCfg = Debug|iPhoneSimulator
		{C1405F71-B67E-4E2A-B1AB-0BBCB5243441}.Debug|iPhoneSimulator.Build.0 = Debug|iPhoneSimulator
		{C1405F71-B67E-4E2A-B1AB-0BBCB5243441}.Release|iPhoneSimulator.ActiveCfg = Release|iPhoneSimulator
		{C1405F71-B67E-4E2A-B1AB-0BBCB5243441}.Release|iPhoneSimulator.Build.0 = Release|iPhoneSimulator
		{C1405F71-B67E-4E2A-B1AB-0BBCB5243441}.Debug|iPhone.ActiveCfg = Debug|iPhone
		{C1405F71-B67E-4E2A-B1AB-0BBCB5243441}.Debug|iPhone.Build.0 = Debug|iPhone
		{C1405F71-B67E-4E2A-B1AB-0BBCB5243441}.Release|iPhone.ActiveCfg = Release|iPhone
		{C1405F71-B67E-4E2A-B1AB-0BBCB5243441}.Release|iPhone.Build.0 = Release|iPhone
	EndGlobalSection
	GlobalSection(SolutionProperties) = preSolution
		HideSolutionNode = FALSE
	EndGlobalSection
	GlobalSection(ExtensibilityGlobals) = postSolution
		SolutionGuid = {1230A1B6-331F-43B5-889D-61725914E863}
	EndGlobalSection
EndGlobal
